// !$*UTF8*$!
{
	archiveVersion = 1;
	classes = {
	};
	objectVersion = 51;
	objects = {

/* Begin PBXBuildFile section */
		AD78D6A4241389FE000A4E58 /* AppDelegate.swift in Sources */ = {isa = PBXBuildFile; fileRef = AD78D6A3241389FE000A4E58 /* AppDelegate.swift */; };
		AD78D6A6241389FE000A4E58 /* WelcomeViewController.swift in Sources */ = {isa = PBXBuildFile; fileRef = AD78D6A5241389FE000A4E58 /* WelcomeViewController.swift */; };
		AD78D6A9241389FE000A4E58 /* Main.storyboard in Resources */ = {isa = PBXBuildFile; fileRef = AD78D6A7241389FE000A4E58 /* Main.storyboard */; };
		AD78D6AB241389FF000A4E58 /* Assets.xcassets in Resources */ = {isa = PBXBuildFile; fileRef = AD78D6AA241389FF000A4E58 /* Assets.xcassets */; };
		AD78D6AE241389FF000A4E58 /* LaunchScreen.storyboard in Resources */ = {isa = PBXBuildFile; fileRef = AD78D6AC241389FF000A4E58 /* LaunchScreen.storyboard */; };
		AD78D6B62413A2FD000A4E58 /* NetworkManager.swift in Sources */ = {isa = PBXBuildFile; fileRef = AD78D6B52413A2FD000A4E58 /* NetworkManager.swift */; };
		AD78D6B82413B368000A4E58 /* RoundedButton.swift in Sources */ = {isa = PBXBuildFile; fileRef = AD78D6B72413B368000A4E58 /* RoundedButton.swift */; };
		AD78D6BA2413B969000A4E58 /* MenuViewController.swift in Sources */ = {isa = PBXBuildFile; fileRef = AD78D6B92413B969000A4E58 /* MenuViewController.swift */; };
		AD78D6BC2413CFB7000A4E58 /* BaseViewController.swift in Sources */ = {isa = PBXBuildFile; fileRef = AD78D6BB2413CFB7000A4E58 /* BaseViewController.swift */; };
		AD78D6C02413E4A1000A4E58 /* BannerView.swift in Sources */ = {isa = PBXBuildFile; fileRef = AD78D6BF2413E4A1000A4E58 /* BannerView.swift */; };
		AD78D6C22413F4DA000A4E58 /* JogsViewController.swift in Sources */ = {isa = PBXBuildFile; fileRef = AD78D6C12413F4DA000A4E58 /* JogsViewController.swift */; };
		AD78D6C52413F77A000A4E58 /* JogsViewModel.swift in Sources */ = {isa = PBXBuildFile; fileRef = AD78D6C42413F77A000A4E58 /* JogsViewModel.swift */; };
		AD78D6C82413F8B8000A4E58 /* Jog.swift in Sources */ = {isa = PBXBuildFile; fileRef = AD78D6C72413F8B8000A4E58 /* Jog.swift */; };
		AD78D6CB2413FCEA000A4E58 /* JogTableViewCell.swift in Sources */ = {isa = PBXBuildFile; fileRef = AD78D6CA2413FCEA000A4E58 /* JogTableViewCell.swift */; };
		AD78D6CD2413FE02000A4E58 /* JogHeaderTableViewCell.swift in Sources */ = {isa = PBXBuildFile; fileRef = AD78D6CC2413FE02000A4E58 /* JogHeaderTableViewCell.swift */; };
		AD78D6CF2414145C000A4E58 /* AddJogTableViewCell.swift in Sources */ = {isa = PBXBuildFile; fileRef = AD78D6CE2414145C000A4E58 /* AddJogTableViewCell.swift */; };
		AD78D6D3241421A2000A4E58 /* InfoViewController.swift in Sources */ = {isa = PBXBuildFile; fileRef = AD78D6D2241421A2000A4E58 /* InfoViewController.swift */; };
		AD78D6D524142447000A4E58 /* EmptyViewController.swift in Sources */ = {isa = PBXBuildFile; fileRef = AD78D6D424142447000A4E58 /* EmptyViewController.swift */; };
		AD78D6D724142727000A4E58 /* AddJogViewController.swift in Sources */ = {isa = PBXBuildFile; fileRef = AD78D6D624142727000A4E58 /* AddJogViewController.swift */; };
		AD78D6D924142B74000A4E58 /* WhiteRoundedButton.swift in Sources */ = {isa = PBXBuildFile; fileRef = AD78D6D824142B74000A4E58 /* WhiteRoundedButton.swift */; };
		AD78D6DB24142EC8000A4E58 /* RoundedView.swift in Sources */ = {isa = PBXBuildFile; fileRef = AD78D6DA24142EC8000A4E58 /* RoundedView.swift */; };
		AD78D6DD2415649A000A4E58 /* WelcomeViewModel.swift in Sources */ = {isa = PBXBuildFile; fileRef = AD78D6DC24156499000A4E58 /* WelcomeViewModel.swift */; };
		B5C974FFA23A47A36675FED0 /* Pods_JogTracker.framework in Frameworks */ = {isa = PBXBuildFile; fileRef = 51F49D58D3D31AA8552EB18A /* Pods_JogTracker.framework */; };
/* End PBXBuildFile section */

/* Begin PBXFileReference section */
		1F086724E21880550A30279D /* Pods-JogTracker.release.xcconfig */ = {isa = PBXFileReference; includeInIndex = 1; lastKnownFileType = text.xcconfig; name = "Pods-JogTracker.release.xcconfig"; path = "Target Support Files/Pods-JogTracker/Pods-JogTracker.release.xcconfig"; sourceTree = "<group>"; };
		51F49D58D3D31AA8552EB18A /* Pods_JogTracker.framework */ = {isa = PBXFileReference; explicitFileType = wrapper.framework; includeInIndex = 0; path = Pods_JogTracker.framework; sourceTree = BUILT_PRODUCTS_DIR; };
		AD78D6A0241389FE000A4E58 /* JogTracker.app */ = {isa = PBXFileReference; explicitFileType = wrapper.application; includeInIndex = 0; path = JogTracker.app; sourceTree = BUILT_PRODUCTS_DIR; };
		AD78D6A3241389FE000A4E58 /* AppDelegate.swift */ = {isa = PBXFileReference; lastKnownFileType = sourcecode.swift; path = AppDelegate.swift; sourceTree = "<group>"; };
		AD78D6A5241389FE000A4E58 /* WelcomeViewController.swift */ = {isa = PBXFileReference; lastKnownFileType = sourcecode.swift; path = WelcomeViewController.swift; sourceTree = "<group>"; };
		AD78D6A8241389FE000A4E58 /* Base */ = {isa = PBXFileReference; lastKnownFileType = file.storyboard; name = Base; path = Base.lproj/Main.storyboard; sourceTree = "<group>"; };
		AD78D6AA241389FF000A4E58 /* Assets.xcassets */ = {isa = PBXFileReference; lastKnownFileType = folder.assetcatalog; path = Assets.xcassets; sourceTree = "<group>"; };
		AD78D6AD241389FF000A4E58 /* Base */ = {isa = PBXFileReference; lastKnownFileType = file.storyboard; name = Base; path = Base.lproj/LaunchScreen.storyboard; sourceTree = "<group>"; };
		AD78D6AF241389FF000A4E58 /* Info.plist */ = {isa = PBXFileReference; lastKnownFileType = text.plist.xml; path = Info.plist; sourceTree = "<group>"; };
		AD78D6B52413A2FD000A4E58 /* NetworkManager.swift */ = {isa = PBXFileReference; lastKnownFileType = sourcecode.swift; path = NetworkManager.swift; sourceTree = "<group>"; };
		AD78D6B72413B368000A4E58 /* RoundedButton.swift */ = {isa = PBXFileReference; lastKnownFileType = sourcecode.swift; path = RoundedButton.swift; sourceTree = "<group>"; };
		AD78D6B92413B969000A4E58 /* MenuViewController.swift */ = {isa = PBXFileReference; lastKnownFileType = sourcecode.swift; path = MenuViewController.swift; sourceTree = "<group>"; };
		AD78D6BB2413CFB7000A4E58 /* BaseViewController.swift */ = {isa = PBXFileReference; lastKnownFileType = sourcecode.swift; path = BaseViewController.swift; sourceTree = "<group>"; };
		AD78D6BF2413E4A1000A4E58 /* BannerView.swift */ = {isa = PBXFileReference; lastKnownFileType = sourcecode.swift; path = BannerView.swift; sourceTree = "<group>"; };
		AD78D6C12413F4DA000A4E58 /* JogsViewController.swift */ = {isa = PBXFileReference; lastKnownFileType = sourcecode.swift; path = JogsViewController.swift; sourceTree = "<group>"; };
		AD78D6C42413F77A000A4E58 /* JogsViewModel.swift */ = {isa = PBXFileReference; lastKnownFileType = sourcecode.swift; path = JogsViewModel.swift; sourceTree = "<group>"; };
		AD78D6C72413F8B8000A4E58 /* Jog.swift */ = {isa = PBXFileReference; lastKnownFileType = sourcecode.swift; path = Jog.swift; sourceTree = "<group>"; };
		AD78D6CA2413FCEA000A4E58 /* JogTableViewCell.swift */ = {isa = PBXFileReference; lastKnownFileType = sourcecode.swift; path = JogTableViewCell.swift; sourceTree = "<group>"; };
		AD78D6CC2413FE02000A4E58 /* JogHeaderTableViewCell.swift */ = {isa = PBXFileReference; lastKnownFileType = sourcecode.swift; path = JogHeaderTableViewCell.swift; sourceTree = "<group>"; };
		AD78D6CE2414145C000A4E58 /* AddJogTableViewCell.swift */ = {isa = PBXFileReference; lastKnownFileType = sourcecode.swift; path = AddJogTableViewCell.swift; sourceTree = "<group>"; };
		AD78D6D2241421A2000A4E58 /* InfoViewController.swift */ = {isa = PBXFileReference; lastKnownFileType = sourcecode.swift; path = InfoViewController.swift; sourceTree = "<group>"; };
		AD78D6D424142447000A4E58 /* EmptyViewController.swift */ = {isa = PBXFileReference; lastKnownFileType = sourcecode.swift; path = EmptyViewController.swift; sourceTree = "<group>"; };
		AD78D6D624142727000A4E58 /* AddJogViewController.swift */ = {isa = PBXFileReference; lastKnownFileType = sourcecode.swift; path = AddJogViewController.swift; sourceTree = "<group>"; };
		AD78D6D824142B74000A4E58 /* WhiteRoundedButton.swift */ = {isa = PBXFileReference; lastKnownFileType = sourcecode.swift; path = WhiteRoundedButton.swift; sourceTree = "<group>"; };
		AD78D6DA24142EC8000A4E58 /* RoundedView.swift */ = {isa = PBXFileReference; lastKnownFileType = sourcecode.swift; path = RoundedView.swift; sourceTree = "<group>"; };
		AD78D6DC24156499000A4E58 /* WelcomeViewModel.swift */ = {isa = PBXFileReference; lastKnownFileType = sourcecode.swift; path = WelcomeViewModel.swift; sourceTree = "<group>"; };
		C8176812DFC351E9C5DD5A7B /* Pods-JogTracker.debug.xcconfig */ = {isa = PBXFileReference; includeInIndex = 1; lastKnownFileType = text.xcconfig; name = "Pods-JogTracker.debug.xcconfig"; path = "Target Support Files/Pods-JogTracker/Pods-JogTracker.debug.xcconfig"; sourceTree = "<group>"; };
/* End PBXFileReference section */

/* Begin PBXFrameworksBuildPhase section */
		AD78D69D241389FE000A4E58 /* Frameworks */ = {
			isa = PBXFrameworksBuildPhase;
			buildActionMask = 2147483647;
			files = (
				B5C974FFA23A47A36675FED0 /* Pods_JogTracker.framework in Frameworks */,
			);
			runOnlyForDeploymentPostprocessing = 0;
		};
/* End PBXFrameworksBuildPhase section */

/* Begin PBXGroup section */
		AD78D697241389FE000A4E58 = {
			isa = PBXGroup;
			children = (
				AD78D6A2241389FE000A4E58 /* JogTracker */,
				AD78D6A1241389FE000A4E58 /* Products */,
				B3703C1BF52AF2CCA0B5DE08 /* Pods */,
				B198EBB7EB195B7FD7922AFA /* Frameworks */,
			);
			sourceTree = "<group>";
		};
		AD78D6A1241389FE000A4E58 /* Products */ = {
			isa = PBXGroup;
			children = (
				AD78D6A0241389FE000A4E58 /* JogTracker.app */,
			);
			name = Products;
			sourceTree = "<group>";
		};
		AD78D6A2241389FE000A4E58 /* JogTracker */ = {
			isa = PBXGroup;
			children = (
				AD78D6C92413FCBE000A4E58 /* Cells */,
				AD78D6C62413F8A2000A4E58 /* Model */,
				AD78D6C32413F75F000A4E58 /* ViewModels */,
				AD78D6BE2413E470000A4E58 /* Views */,
				AD78D6BD2413E44F000A4E58 /* ViewControllers */,
				AD78D6A3241389FE000A4E58 /* AppDelegate.swift */,
				AD78D6A7241389FE000A4E58 /* Main.storyboard */,
				AD78D6AA241389FF000A4E58 /* Assets.xcassets */,
				AD78D6AC241389FF000A4E58 /* LaunchScreen.storyboard */,
				AD78D6AF241389FF000A4E58 /* Info.plist */,
				AD78D6B52413A2FD000A4E58 /* NetworkManager.swift */,
			);
			path = JogTracker;
			sourceTree = "<group>";
		};
		AD78D6BD2413E44F000A4E58 /* ViewControllers */ = {
			isa = PBXGroup;
			children = (
				AD78D6A5241389FE000A4E58 /* WelcomeViewController.swift */,
				AD78D6B92413B969000A4E58 /* MenuViewController.swift */,
				AD78D6BB2413CFB7000A4E58 /* BaseViewController.swift */,
				AD78D6C12413F4DA000A4E58 /* JogsViewController.swift */,
				AD78D6D2241421A2000A4E58 /* InfoViewController.swift */,
				AD78D6D424142447000A4E58 /* EmptyViewController.swift */,
				AD78D6D624142727000A4E58 /* AddJogViewController.swift */,
			);
			path = ViewControllers;
			sourceTree = "<group>";
		};
		AD78D6BE2413E470000A4E58 /* Views */ = {
			isa = PBXGroup;
			children = (
				AD78D6B72413B368000A4E58 /* RoundedButton.swift */,
				AD78D6BF2413E4A1000A4E58 /* BannerView.swift */,
				AD78D6D824142B74000A4E58 /* WhiteRoundedButton.swift */,
				AD78D6DA24142EC8000A4E58 /* RoundedView.swift */,
			);
			path = Views;
			sourceTree = "<group>";
		};
		AD78D6C32413F75F000A4E58 /* ViewModels */ = {
			isa = PBXGroup;
			children = (
				AD78D6C42413F77A000A4E58 /* JogsViewModel.swift */,
				AD78D6DC24156499000A4E58 /* WelcomeViewModel.swift */,
			);
			path = ViewModels;
			sourceTree = "<group>";
		};
		AD78D6C62413F8A2000A4E58 /* Model */ = {
			isa = PBXGroup;
			children = (
				AD78D6C72413F8B8000A4E58 /* Jog.swift */,
			);
			path = Model;
			sourceTree = "<group>";
		};
		AD78D6C92413FCBE000A4E58 /* Cells */ = {
			isa = PBXGroup;
			children = (
				AD78D6CA2413FCEA000A4E58 /* JogTableViewCell.swift */,
				AD78D6CC2413FE02000A4E58 /* JogHeaderTableViewCell.swift */,
				AD78D6CE2414145C000A4E58 /* AddJogTableViewCell.swift */,
			);
			path = Cells;
			sourceTree = "<group>";
		};
		B198EBB7EB195B7FD7922AFA /* Frameworks */ = {
			isa = PBXGroup;
			children = (
				51F49D58D3D31AA8552EB18A /* Pods_JogTracker.framework */,
			);
			name = Frameworks;
			sourceTree = "<group>";
		};
		B3703C1BF52AF2CCA0B5DE08 /* Pods */ = {
			isa = PBXGroup;
			children = (
				C8176812DFC351E9C5DD5A7B /* Pods-JogTracker.debug.xcconfig */,
				1F086724E21880550A30279D /* Pods-JogTracker.release.xcconfig */,
			);
			path = Pods;
			sourceTree = "<group>";
		};
/* End PBXGroup section */

/* Begin PBXNativeTarget section */
		AD78D69F241389FE000A4E58 /* JogTracker */ = {
			isa = PBXNativeTarget;
			buildConfigurationList = AD78D6B2241389FF000A4E58 /* Build configuration list for PBXNativeTarget "JogTracker" */;
			buildPhases = (
				0B827D6D50ECFCD9447CA411 /* [CP] Check Pods Manifest.lock */,
				AD78D69C241389FE000A4E58 /* Sources */,
				AD78D69D241389FE000A4E58 /* Frameworks */,
				AD78D69E241389FE000A4E58 /* Resources */,
				2F811F7BA200958B867721E0 /* [CP] Embed Pods Frameworks */,
			);
			buildRules = (
			);
			dependencies = (
			);
			name = JogTracker;
			productName = JogTracker;
			productReference = AD78D6A0241389FE000A4E58 /* JogTracker.app */;
			productType = "com.apple.product-type.application";
		};
/* End PBXNativeTarget section */

/* Begin PBXProject section */
		AD78D698241389FE000A4E58 /* Project object */ = {
			isa = PBXProject;
			attributes = {
				LastSwiftUpdateCheck = 1030;
				LastUpgradeCheck = 1030;
				ORGANIZATIONNAME = "Ольга Бычок";
				TargetAttributes = {
					AD78D69F241389FE000A4E58 = {
						CreatedOnToolsVersion = 10.3;
					};
				};
			};
			buildConfigurationList = AD78D69B241389FE000A4E58 /* Build configuration list for PBXProject "JogTracker" */;
			compatibilityVersion = "Xcode 9.3";
			developmentRegion = en;
			hasScannedForEncodings = 0;
			knownRegions = (
				en,
				Base,
			);
			mainGroup = AD78D697241389FE000A4E58;
			productRefGroup = AD78D6A1241389FE000A4E58 /* Products */;
			projectDirPath = "";
			projectRoot = "";
			targets = (
				AD78D69F241389FE000A4E58 /* JogTracker */,
			);
		};
/* End PBXProject section */

/* Begin PBXResourcesBuildPhase section */
		AD78D69E241389FE000A4E58 /* Resources */ = {
			isa = PBXResourcesBuildPhase;
			buildActionMask = 2147483647;
			files = (
				AD78D6AE241389FF000A4E58 /* LaunchScreen.storyboard in Resources */,
				AD78D6AB241389FF000A4E58 /* Assets.xcassets in Resources */,
				AD78D6A9241389FE000A4E58 /* Main.storyboard in Resources */,
			);
			runOnlyForDeploymentPostprocessing = 0;
		};
/* End PBXResourcesBuildPhase section */

/* Begin PBXShellScriptBuildPhase section */
		0B827D6D50ECFCD9447CA411 /* [CP] Check Pods Manifest.lock */ = {
			isa = PBXShellScriptBuildPhase;
			buildActionMask = 2147483647;
			files = (
			);
			inputFileListPaths = (
			);
			inputPaths = (
				"${PODS_PODFILE_DIR_PATH}/Podfile.lock",
				"${PODS_ROOT}/Manifest.lock",
			);
			name = "[CP] Check Pods Manifest.lock";
			outputFileListPaths = (
			);
			outputPaths = (
				"$(DERIVED_FILE_DIR)/Pods-JogTracker-checkManifestLockResult.txt",
			);
			runOnlyForDeploymentPostprocessing = 0;
			shellPath = /bin/sh;
			shellScript = "diff \"${PODS_PODFILE_DIR_PATH}/Podfile.lock\" \"${PODS_ROOT}/Manifest.lock\" > /dev/null\nif [ $? != 0 ] ; then\n    # print error to STDERR\n    echo \"error: The sandbox is not in sync with the Podfile.lock. Run 'pod install' or update your CocoaPods installation.\" >&2\n    exit 1\nfi\n# This output is used by Xcode 'outputs' to avoid re-running this script phase.\necho \"SUCCESS\" > \"${SCRIPT_OUTPUT_FILE_0}\"\n";
			showEnvVarsInLog = 0;
		};
		2F811F7BA200958B867721E0 /* [CP] Embed Pods Frameworks */ = {
			isa = PBXShellScriptBuildPhase;
			buildActionMask = 2147483647;
			files = (
			);
			inputFileListPaths = (
				"${PODS_ROOT}/Target Support Files/Pods-JogTracker/Pods-JogTracker-frameworks-${CONFIGURATION}-input-files.xcfilelist",
			);
			name = "[CP] Embed Pods Frameworks";
			outputFileListPaths = (
				"${PODS_ROOT}/Target Support Files/Pods-JogTracker/Pods-JogTracker-frameworks-${CONFIGURATION}-output-files.xcfilelist",
			);
			runOnlyForDeploymentPostprocessing = 0;
			shellPath = /bin/sh;
			shellScript = "\"${PODS_ROOT}/Target Support Files/Pods-JogTracker/Pods-JogTracker-frameworks.sh\"\n";
			showEnvVarsInLog = 0;
		};
/* End PBXShellScriptBuildPhase section */

/* Begin PBXSourcesBuildPhase section */
		AD78D69C241389FE000A4E58 /* Sources */ = {
			isa = PBXSourcesBuildPhase;
			buildActionMask = 2147483647;
			files = (
				AD78D6C52413F77A000A4E58 /* JogsViewModel.swift in Sources */,
				AD78D6D924142B74000A4E58 /* WhiteRoundedButton.swift in Sources */,
				AD78D6DB24142EC8000A4E58 /* RoundedView.swift in Sources */,
				AD78D6C02413E4A1000A4E58 /* BannerView.swift in Sources */,
				AD78D6B62413A2FD000A4E58 /* NetworkManager.swift in Sources */,
				AD78D6CD2413FE02000A4E58 /* JogHeaderTableViewCell.swift in Sources */,
				AD78D6CB2413FCEA000A4E58 /* JogTableViewCell.swift in Sources */,
				AD78D6BA2413B969000A4E58 /* MenuViewController.swift in Sources */,
				AD78D6C82413F8B8000A4E58 /* Jog.swift in Sources */,
				AD78D6A6241389FE000A4E58 /* WelcomeViewController.swift in Sources */,
				AD78D6CF2414145C000A4E58 /* AddJogTableViewCell.swift in Sources */,
				AD78D6A4241389FE000A4E58 /* AppDelegate.swift in Sources */,
				AD78D6D3241421A2000A4E58 /* InfoViewController.swift in Sources */,
				AD78D6C22413F4DA000A4E58 /* JogsViewController.swift in Sources */,
				AD78D6D524142447000A4E58 /* EmptyViewController.swift in Sources */,
				AD78D6D724142727000A4E58 /* AddJogViewController.swift in Sources */,
				AD78D6B82413B368000A4E58 /* RoundedButton.swift in Sources */,
				AD78D6DD2415649A000A4E58 /* WelcomeViewModel.swift in Sources */,
				AD78D6BC2413CFB7000A4E58 /* BaseViewController.swift in Sources */,
			);
			runOnlyForDeploymentPostprocessing = 0;
		};
/* End PBXSourcesBuildPhase section */

/* Begin PBXVariantGroup section */
		AD78D6A7241389FE000A4E58 /* Main.storyboard */ = {
			isa = PBXVariantGroup;
			children = (
				AD78D6A8241389FE000A4E58 /* Base */,
			);
			name = Main.storyboard;
			sourceTree = "<group>";
		};
		AD78D6AC241389FF000A4E58 /* LaunchScreen.storyboard */ = {
			isa = PBXVariantGroup;
			children = (
				AD78D6AD241389FF000A4E58 /* Base */,
			);
			name = LaunchScreen.storyboard;
			sourceTree = "<group>";
		};
/* End PBXVariantGroup section */

/* Begin XCBuildConfiguration section */
		AD78D6B0241389FF000A4E58 /* Debug */ = {
			isa = XCBuildConfiguration;
			buildSettings = {
				ALWAYS_SEARCH_USER_PATHS = NO;
				CLANG_ANALYZER_NONNULL = YES;
				CLANG_ANALYZER_NUMBER_OBJECT_CONVERSION = YES_AGGRESSIVE;
				CLANG_CXX_LANGUAGE_STANDARD = "gnu++14";
				CLANG_CXX_LIBRARY = "libc++";
				CLANG_ENABLE_MODULES = YES;
				CLANG_ENABLE_OBJC_ARC = YES;
				CLANG_ENABLE_OBJC_WEAK = YES;
				CLANG_WARN_BLOCK_CAPTURE_AUTORELEASING = YES;
				CLANG_WARN_BOOL_CONVERSION = YES;
				CLANG_WARN_COMMA = YES;
				CLANG_WARN_CONSTANT_CONVERSION = YES;
				CLANG_WARN_DEPRECATED_OBJC_IMPLEMENTATIONS = YES;
				CLANG_WARN_DIRECT_OBJC_ISA_USAGE = YES_ERROR;
				CLANG_WARN_DOCUMENTATION_COMMENTS = YES;
				CLANG_WARN_EMPTY_BODY = YES;
				CLANG_WARN_ENUM_CONVERSION = YES;
				CLANG_WARN_INFINITE_RECURSION = YES;
				CLANG_WARN_INT_CONVERSION = YES;
				CLANG_WARN_NON_LITERAL_NULL_CONVERSION = YES;
				CLANG_WARN_OBJC_IMPLICIT_RETAIN_SELF = YES;
				CLANG_WARN_OBJC_LITERAL_CONVERSION = YES;
				CLANG_WARN_OBJC_ROOT_CLASS = YES_ERROR;
				CLANG_WARN_RANGE_LOOP_ANALYSIS = YES;
				CLANG_WARN_STRICT_PROTOTYPES = YES;
				CLANG_WARN_SUSPICIOUS_MOVE = YES;
				CLANG_WARN_UNGUARDED_AVAILABILITY = YES_AGGRESSIVE;
				CLANG_WARN_UNREACHABLE_CODE = YES;
				CLANG_WARN__DUPLICATE_METHOD_MATCH = YES;
				CODE_SIGN_IDENTITY = "iPhone Developer";
				COPY_PHASE_STRIP = NO;
				DEBUG_INFORMATION_FORMAT = dwarf;
				ENABLE_STRICT_OBJC_MSGSEND = YES;
				ENABLE_TESTABILITY = YES;
				GCC_C_LANGUAGE_STANDARD = gnu11;
				GCC_DYNAMIC_NO_PIC = NO;
				GCC_NO_COMMON_BLOCKS = YES;
				GCC_OPTIMIZATION_LEVEL = 0;
				GCC_PREPROCESSOR_DEFINITIONS = (
					"DEBUG=1",
					"$(inherited)",
				);
				GCC_WARN_64_TO_32_BIT_CONVERSION = YES;
				GCC_WARN_ABOUT_RETURN_TYPE = YES_ERROR;
				GCC_WARN_UNDECLARED_SELECTOR = YES;
				GCC_WARN_UNINITIALIZED_AUTOS = YES_AGGRESSIVE;
				GCC_WARN_UNUSED_FUNCTION = YES;
				GCC_WARN_UNUSED_VARIABLE = YES;
				IPHONEOS_DEPLOYMENT_TARGET = 11.0;
				MTL_ENABLE_DEBUG_INFO = INCLUDE_SOURCE;
				MTL_FAST_MATH = YES;
				ONLY_ACTIVE_ARCH = YES;
				SDKROOT = iphoneos;
				SWIFT_ACTIVE_COMPILATION_CONDITIONS = DEBUG;
				SWIFT_OPTIMIZATION_LEVEL = "-Onone";
			};
			name = Debug;
		};
		AD78D6B1241389FF000A4E58 /* Release */ = {
			isa = XCBuildConfiguration;
			buildSettings = {
				ALWAYS_SEARCH_USER_PATHS = NO;
				CLANG_ANALYZER_NONNULL = YES;
				CLANG_ANALYZER_NUMBER_OBJECT_CONVERSION = YES_AGGRESSIVE;
				CLANG_CXX_LANGUAGE_STANDARD = "gnu++14";
				CLANG_CXX_LIBRARY = "libc++";
				CLANG_ENABLE_MODULES = YES;
				CLANG_ENABLE_OBJC_ARC = YES;
				CLANG_ENABLE_OBJC_WEAK = YES;
				CLANG_WARN_BLOCK_CAPTURE_AUTORELEASING = YES;
				CLANG_WARN_BOOL_CONVERSION = YES;
				CLANG_WARN_COMMA = YES;
				CLANG_WARN_CONSTANT_CONVERSION = YES;
				CLANG_WARN_DEPRECATED_OBJC_IMPLEMENTATIONS = YES;
				CLANG_WARN_DIRECT_OBJC_ISA_USAGE = YES_ERROR;
				CLANG_WARN_DOCUMENTATION_COMMENTS = YES;
				CLANG_WARN_EMPTY_BODY = YES;
				CLANG_WARN_ENUM_CONVERSION = YES;
				CLANG_WARN_INFINITE_RECURSION = YES;
				CLANG_WARN_INT_CONVERSION = YES;
				CLANG_WARN_NON_LITERAL_NULL_CONVERSION = YES;
				CLANG_WARN_OBJC_IMPLICIT_RETAIN_SELF = YES;
				CLANG_WARN_OBJC_LITERAL_CONVERSION = YES;
				CLANG_WARN_OBJC_ROOT_CLASS = YES_ERROR;
				CLANG_WARN_RANGE_LOOP_ANALYSIS = YES;
				CLANG_WARN_STRICT_PROTOTYPES = YES;
				CLANG_WARN_SUSPICIOUS_MOVE = YES;
				CLANG_WARN_UNGUARDED_AVAILABILITY = YES_AGGRESSIVE;
				CLANG_WARN_UNREACHABLE_CODE = YES;
				CLANG_WARN__DUPLICATE_METHOD_MATCH = YES;
				CODE_SIGN_IDENTITY = "iPhone Developer";
				COPY_PHASE_STRIP = NO;
				DEBUG_INFORMATION_FORMAT = "dwarf-with-dsym";
				ENABLE_NS_ASSERTIONS = NO;
				ENABLE_STRICT_OBJC_MSGSEND = YES;
				GCC_C_LANGUAGE_STANDARD = gnu11;
				GCC_NO_COMMON_BLOCKS = YES;
				GCC_WARN_64_TO_32_BIT_CONVERSION = YES;
				GCC_WARN_ABOUT_RETURN_TYPE = YES_ERROR;
				GCC_WARN_UNDECLARED_SELECTOR = YES;
				GCC_WARN_UNINITIALIZED_AUTOS = YES_AGGRESSIVE;
				GCC_WARN_UNUSED_FUNCTION = YES;
				GCC_WARN_UNUSED_VARIABLE = YES;
				IPHONEOS_DEPLOYMENT_TARGET = 11.0;
				MTL_ENABLE_DEBUG_INFO = NO;
				MTL_FAST_MATH = YES;
				SDKROOT = iphoneos;
				SWIFT_COMPILATION_MODE = wholemodule;
				SWIFT_OPTIMIZATION_LEVEL = "-O";
				VALIDATE_PRODUCT = YES;
			};
			name = Release;
		};
		AD78D6B3241389FF000A4E58 /* Debug */ = {
			isa = XCBuildConfiguration;
			baseConfigurationReference = C8176812DFC351E9C5DD5A7B /* Pods-JogTracker.debug.xcconfig */;
			buildSettings = {
				ASSETCATALOG_COMPILER_APPICON_NAME = AppIcon;
				CODE_SIGN_STYLE = Automatic;
				DEVELOPMENT_TEAM = 4886K9NC82;
				INFOPLIST_FILE = JogTracker/Info.plist;
				LD_RUNPATH_SEARCH_PATHS = (
					"$(inherited)",
					"@executable_path/Frameworks",
				);
				PRODUCT_BUNDLE_IDENTIFIER = by.bychok.JogTracker;
				PRODUCT_NAME = "$(TARGET_NAME)";
				SWIFT_VERSION = 5.0;
				TARGETED_DEVICE_FAMILY = "1,2";
			};
			name = Debug;
		};
		AD78D6B4241389FF000A4E58 /* Release */ = {
			isa = XCBuildConfiguration;
			baseConfigurationReference = 1F086724E21880550A30279D /* Pods-JogTracker.release.xcconfig */;
			buildSettings = {
				ASSETCATALOG_COMPILER_APPICON_NAME = AppIcon;
				CODE_SIGN_STYLE = Automatic;
				DEVELOPMENT_TEAM = 4886K9NC82;
				INFOPLIST_FILE = JogTracker/Info.plist;
				LD_RUNPATH_SEARCH_PATHS = (
					"$(inherited)",
					"@executable_path/Frameworks",
				);
				PRODUCT_BUNDLE_IDENTIFIER = by.bychok.JogTracker;
				PRODUCT_NAME = "$(TARGET_NAME)";
				SWIFT_VERSION = 5.0;
				TARGETED_DEVICE_FAMILY = "1,2";
			};
			name = Release;
		};
/* End XCBuildConfiguration section */

/* Begin XCConfigurationList section */
		AD78D69B241389FE000A4E58 /* Build configuration list for PBXProject "JogTracker" */ = {
			isa = XCConfigurationList;
			buildConfigurations = (
				AD78D6B0241389FF000A4E58 /* Debug */,
				AD78D6B1241389FF000A4E58 /* Release */,
			);
			defaultConfigurationIsVisible = 0;
			defaultConfigurationName = Release;
		};
		AD78D6B2241389FF000A4E58 /* Build configuration list for PBXNativeTarget "JogTracker" */ = {
			isa = XCConfigurationList;
			buildConfigurations = (
				AD78D6B3241389FF000A4E58 /* Debug */,
				AD78D6B4241389FF000A4E58 /* Release */,
			);
			defaultConfigurationIsVisible = 0;
			defaultConfigurationName = Release;
		};
/* End XCConfigurationList section */
	};
	rootObject = AD78D698241389FE000A4E58 /* Project object */;
}
